
<Scheme LastUpgradeVersion="0940" version="1.3">
    <BuildAction parallelizeBuildables="YES" buildImplicitDependencies="YES">
        <BuildActionEntries>
            <BuildActionEntry buildForArchiving="YES" buildForTesting="YES" buildForRunning="YES" buildForAnalyzing="YES" buildForProfiling="YES">
                <BuildableReference BlueprintIdentifier="3D31C5E60BCCFED200000000" ReferencedContainer="container:CJLoginDemo.xcodeproj" BuildableName="lib_idx_ssl_crypto_719B7CAA_ios_min11.4.a" BlueprintName="_idx_ssl_crypto_719B7CAA_ios_min11.4" BuildableIdentifier="primary"></BuildableReference>
            </BuildActionEntry>
            <BuildActionEntry buildForArchiving="YES" buildForTesting="YES" buildForRunning="YES" buildForAnalyzing="YES" buildForProfiling="YES">
                <BuildableReference BlueprintIdentifier="3D31C5E6B691258800000000" ReferencedContainer="container:CJLoginDemo.xcodeproj" BuildableName="lib_idx_tsi_interface_census_gpr_base_grpc_grpc_base_c_grpc_client_channel_grpc_deadline_filter_grpc_http_filters_grpc_lb_policy_grpclb_secure_grpc_lb_policy_pick_first_grpc_lb_policy__etc_904E388B_ios_min11.4.a" BlueprintName="_idx_tsi_interface_census_gpr_base_grpc_grpc_base_c_grpc_client_channel_grpc_deadline_filter_grpc_http_filters_grpc_lb_policy_grpclb_secure_grpc_lb_policy_pick_first_grpc_lb_policy__etc_904E388B_ios_min11.4" BuildableIdentifier="primary"></BuildableReference>
            </BuildActionEntry>
            <BuildActionEntry buildForArchiving="YES" buildForTesting="YES" buildForRunning="YES" buildForAnalyzing="YES" buildForProfiling="YES">
                <BuildableReference BlueprintIdentifier="3D31C5E6584AEF6800000000" ReferencedContainer="container:CJLoginDemo.xcodeproj" BuildableName="lib_idx_nanopb_Sources_cj_login_sdk_grpc++_grpc++_base_grpc++_codegen_base_src_grpc++_reflection_grpc_base_8B679C11_ios_min11.4.a" BlueprintName="_idx_nanopb_Sources_cj_login_sdk_grpc++_grpc++_base_grpc++_codegen_base_src_grpc++_reflection_grpc_base_8B679C11_ios_min11.4" BuildableIdentifier="primary"></BuildableReference>
            </BuildActionEntry>
            <BuildActionEntry buildForArchiving="YES" buildForTesting="YES" buildForRunning="YES" buildForAnalyzing="YES" buildForProfiling="YES">
                <BuildableReference BlueprintIdentifier="3D31C5E6A0F816D600000000" ReferencedContainer="container:CJLoginDemo.xcodeproj" BuildableName="lib_idx_protoc_lib_protobuf_protobuf_lite_049EC418_ios_min11.4.a" BlueprintName="_idx_protoc_lib_protobuf_protobuf_lite_049EC418_ios_min11.4" BuildableIdentifier="primary"></BuildableReference>
            </BuildActionEntry>
            <BuildActionEntry buildForArchiving="YES" buildForTesting="YES" buildForRunning="YES" buildForAnalyzing="YES" buildForProfiling="YES">
                <BuildableReference BlueprintIdentifier="3D31C5E6B691258800000000" ReferencedContainer="container:CJLoginDemo.xcodeproj" BuildableName="lib_idx_tsi_interface_census_gpr_base_grpc_grpc_base_c_grpc_client_channel_grpc_deadline_filter_grpc_http_filters_grpc_lb_policy_grpclb_secure_grpc_lb_policy_pick_first_grpc_lb_policy__etc_904E388B_ios_min11.4.a" BlueprintName="_idx_tsi_interface_census_gpr_base_grpc_grpc_base_c_grpc_client_channel_grpc_deadline_filter_grpc_http_filters_grpc_lb_policy_grpclb_secure_grpc_lb_policy_pick_first_grpc_lb_policy__etc_904E388B_ios_min11.4" BuildableIdentifier="primary"></BuildableReference>
            </BuildActionEntry>
            <BuildActionEntry buildForArchiving="YES" buildForTesting="YES" buildForRunning="YES" buildForAnalyzing="YES" buildForProfiling="YES">
                <BuildableReference BlueprintIdentifier="3D31C5E6B691258800000000" ReferencedContainer="container:CJLoginDemo.xcodeproj" BuildableName="lib_idx_tsi_interface_census_gpr_base_grpc_grpc_base_c_grpc_client_channel_grpc_deadline_filter_grpc_http_filters_grpc_lb_policy_grpclb_secure_grpc_lb_policy_pick_first_grpc_lb_policy__etc_904E388B_ios_min11.4.a" BlueprintName="_idx_tsi_interface_census_gpr_base_grpc_grpc_base_c_grpc_client_channel_grpc_deadline_filter_grpc_http_filters_grpc_lb_policy_grpclb_secure_grpc_lb_policy_pick_first_grpc_lb_policy__etc_904E388B_ios_min11.4" BuildableIdentifier="primary"></BuildableReference>
            </BuildActionEntry>
            <BuildActionEntry buildForArchiving="YES" buildForTesting="YES" buildForRunning="YES" buildForAnalyzing="YES" buildForProfiling="YES">
                <BuildableReference BlueprintIdentifier="3D31C5E6B691258800000000" ReferencedContainer="container:CJLoginDemo.xcodeproj" BuildableName="lib_idx_tsi_interface_census_gpr_base_grpc_grpc_base_c_grpc_client_channel_grpc_deadline_filter_grpc_http_filters_grpc_lb_policy_grpclb_secure_grpc_lb_policy_pick_first_grpc_lb_policy__etc_904E388B_ios_min11.4.a" BlueprintName="_idx_tsi_interface_census_gpr_base_grpc_grpc_base_c_grpc_client_channel_grpc_deadline_filter_grpc_http_filters_grpc_lb_policy_grpclb_secure_grpc_lb_policy_pick_first_grpc_lb_policy__etc_904E388B_ios_min11.4" BuildableIdentifier="primary"></BuildableReference>
            </BuildActionEntry>
            <BuildActionEntry buildForArchiving="YES" buildForTesting="YES" buildForRunning="YES" buildForAnalyzing="YES" buildForProfiling="YES">
                <BuildableReference BlueprintIdentifier="3D31C5E6B691258800000000" ReferencedContainer="container:CJLoginDemo.xcodeproj" BuildableName="lib_idx_tsi_interface_census_gpr_base_grpc_grpc_base_c_grpc_client_channel_grpc_deadline_filter_grpc_http_filters_grpc_lb_policy_grpclb_secure_grpc_lb_policy_pick_first_grpc_lb_policy__etc_904E388B_ios_min11.4.a" BlueprintName="_idx_tsi_interface_census_gpr_base_grpc_grpc_base_c_grpc_client_channel_grpc_deadline_filter_grpc_http_filters_grpc_lb_policy_grpclb_secure_grpc_lb_policy_pick_first_grpc_lb_policy__etc_904E388B_ios_min11.4" BuildableIdentifier="primary"></BuildableReference>
            </BuildActionEntry>
            <BuildActionEntry buildForArchiving="YES" buildForTesting="YES" buildForRunning="YES" buildForAnalyzing="YES" buildForProfiling="YES">
                <BuildableReference BlueprintIdentifier="3D31C5E6B691258800000000" ReferencedContainer="container:CJLoginDemo.xcodeproj" BuildableName="lib_idx_tsi_interface_census_gpr_base_grpc_grpc_base_c_grpc_client_channel_grpc_deadline_filter_grpc_http_filters_grpc_lb_policy_grpclb_secure_grpc_lb_policy_pick_first_grpc_lb_policy__etc_904E388B_ios_min11.4.a" BlueprintName="_idx_tsi_interface_census_gpr_base_grpc_grpc_base_c_grpc_client_channel_grpc_deadline_filter_grpc_http_filters_grpc_lb_policy_grpclb_secure_grpc_lb_policy_pick_first_grpc_lb_policy__etc_904E388B_ios_min11.4" BuildableIdentifier="primary"></BuildableReference>
            </BuildActionEntry>
            <BuildActionEntry buildForArchiving="YES" buildForTesting="YES" buildForRunning="YES" buildForAnalyzing="YES" buildForProfiling="YES">
                <BuildableReference BlueprintIdentifier="3D31C5E6584AEF6800000000" ReferencedContainer="container:CJLoginDemo.xcodeproj" BuildableName="lib_idx_nanopb_Sources_cj_login_sdk_grpc++_grpc++_base_grpc++_codegen_base_src_grpc++_reflection_grpc_base_8B679C11_ios_min11.4.a" BlueprintName="_idx_nanopb_Sources_cj_login_sdk_grpc++_grpc++_base_grpc++_codegen_base_src_grpc++_reflection_grpc_base_8B679C11_ios_min11.4" BuildableIdentifier="primary"></BuildableReference>
            </BuildActionEntry>
            <BuildActionEntry buildForArchiving="YES" buildForTesting="YES" buildForRunning="YES" buildForAnalyzing="YES" buildForProfiling="YES">
                <BuildableReference BlueprintIdentifier="3D31C5E6B691258800000000" ReferencedContainer="container:CJLoginDemo.xcodeproj" BuildableName="lib_idx_tsi_interface_census_gpr_base_grpc_grpc_base_c_grpc_client_channel_grpc_deadline_filter_grpc_http_filters_grpc_lb_policy_grpclb_secure_grpc_lb_policy_pick_first_grpc_lb_policy__etc_904E388B_ios_min11.4.a" BlueprintName="_idx_tsi_interface_census_gpr_base_grpc_grpc_base_c_grpc_client_channel_grpc_deadline_filter_grpc_http_filters_grpc_lb_policy_grpclb_secure_grpc_lb_policy_pick_first_grpc_lb_policy__etc_904E388B_ios_min11.4" BuildableIdentifier="primary"></BuildableReference>
            </BuildActionEntry>
            <BuildActionEntry buildForArchiving="YES" buildForTesting="YES" buildForRunning="YES" buildForAnalyzing="YES" buildForProfiling="YES">
                <BuildableReference BlueprintIdentifier="3D31C5E6584AEF6800000000" ReferencedContainer="container:CJLoginDemo.xcodeproj" BuildableName="lib_idx_nanopb_Sources_cj_login_sdk_grpc++_grpc++_base_grpc++_codegen_base_src_grpc++_reflection_grpc_base_8B679C11_ios_min11.4.a" BlueprintName="_idx_nanopb_Sources_cj_login_sdk_grpc++_grpc++_base_grpc++_codegen_base_src_grpc++_reflection_grpc_base_8B679C11_ios_min11.4" BuildableIdentifier="primary"></BuildableReference>
            </BuildActionEntry>
            <BuildActionEntry buildForArchiving="YES" buildForTesting="YES" buildForRunning="YES" buildForAnalyzing="YES" buildForProfiling="YES">
                <BuildableReference BlueprintIdentifier="3D31C5E6B691258800000000" ReferencedContainer="container:CJLoginDemo.xcodeproj" BuildableName="lib_idx_tsi_interface_census_gpr_base_grpc_grpc_base_c_grpc_client_channel_grpc_deadline_filter_grpc_http_filters_grpc_lb_policy_grpclb_secure_grpc_lb_policy_pick_first_grpc_lb_policy__etc_904E388B_ios_min11.4.a" BlueprintName="_idx_tsi_interface_census_gpr_base_grpc_grpc_base_c_grpc_client_channel_grpc_deadline_filter_grpc_http_filters_grpc_lb_policy_grpclb_secure_grpc_lb_policy_pick_first_grpc_lb_policy__etc_904E388B_ios_min11.4" BuildableIdentifier="primary"></BuildableReference>
            </BuildActionEntry>
            <BuildActionEntry buildForArchiving="YES" buildForTesting="YES" buildForRunning="YES" buildForAnalyzing="YES" buildForProfiling="YES">
                <BuildableReference BlueprintIdentifier="3D31C5E6B691258800000000" ReferencedContainer="container:CJLoginDemo.xcodeproj" BuildableName="lib_idx_tsi_interface_census_gpr_base_grpc_grpc_base_c_grpc_client_channel_grpc_deadline_filter_grpc_http_filters_grpc_lb_policy_grpclb_secure_grpc_lb_policy_pick_first_grpc_lb_policy__etc_904E388B_ios_min11.4.a" BlueprintName="_idx_tsi_interface_census_gpr_base_grpc_grpc_base_c_grpc_client_channel_grpc_deadline_filter_grpc_http_filters_grpc_lb_policy_grpclb_secure_grpc_lb_policy_pick_first_grpc_lb_policy__etc_904E388B_ios_min11.4" BuildableIdentifier="primary"></BuildableReference>
            </BuildActionEntry>
            <BuildActionEntry buildForArchiving="YES" buildForTesting="YES" buildForRunning="YES" buildForAnalyzing="YES" buildForProfiling="YES">
                <BuildableReference BlueprintIdentifier="3D31C5E6B691258800000000" ReferencedContainer="container:CJLoginDemo.xcodeproj" BuildableName="lib_idx_tsi_interface_census_gpr_base_grpc_grpc_base_c_grpc_client_channel_grpc_deadline_filter_grpc_http_filters_grpc_lb_policy_grpclb_secure_grpc_lb_policy_pick_first_grpc_lb_policy__etc_904E388B_ios_min11.4.a" BlueprintName="_idx_tsi_interface_census_gpr_base_grpc_grpc_base_c_grpc_client_channel_grpc_deadline_filter_grpc_http_filters_grpc_lb_policy_grpclb_secure_grpc_lb_policy_pick_first_grpc_lb_policy__etc_904E388B_ios_min11.4" BuildableIdentifier="primary"></BuildableReference>
            </BuildActionEntry>
            <BuildActionEntry buildForArchiving="YES" buildForTesting="YES" buildForRunning="YES" buildForAnalyzing="YES" buildForProfiling="YES">
                <BuildableReference BlueprintIdentifier="3D31C5E6B691258800000000" ReferencedContainer="container:CJLoginDemo.xcodeproj" BuildableName="lib_idx_tsi_interface_census_gpr_base_grpc_grpc_base_c_grpc_client_channel_grpc_deadline_filter_grpc_http_filters_grpc_lb_policy_grpclb_secure_grpc_lb_policy_pick_first_grpc_lb_policy__etc_904E388B_ios_min11.4.a" BlueprintName="_idx_tsi_interface_census_gpr_base_grpc_grpc_base_c_grpc_client_channel_grpc_deadline_filter_grpc_http_filters_grpc_lb_policy_grpclb_secure_grpc_lb_policy_pick_first_grpc_lb_policy__etc_904E388B_ios_min11.4" BuildableIdentifier="primary"></BuildableReference>
            </BuildActionEntry>
            <BuildActionEntry buildForArchiving="YES" buildForTesting="YES" buildForRunning="YES" buildForAnalyzing="YES" buildForProfiling="YES">
                <BuildableReference BlueprintIdentifier="3D31C5E6B691258800000000" ReferencedContainer="container:CJLoginDemo.xcodeproj" BuildableName="lib_idx_tsi_interface_census_gpr_base_grpc_grpc_base_c_grpc_client_channel_grpc_deadline_filter_grpc_http_filters_grpc_lb_policy_grpclb_secure_grpc_lb_policy_pick_first_grpc_lb_policy__etc_904E388B_ios_min11.4.a" BlueprintName="_idx_tsi_interface_census_gpr_base_grpc_grpc_base_c_grpc_client_channel_grpc_deadline_filter_grpc_http_filters_grpc_lb_policy_grpclb_secure_grpc_lb_policy_pick_first_grpc_lb_policy__etc_904E388B_ios_min11.4" BuildableIdentifier="primary"></BuildableReference>
            </BuildActionEntry>
            <BuildActionEntry buildForArchiving="YES" buildForTesting="YES" buildForRunning="YES" buildForAnalyzing="YES" buildForProfiling="YES">
                <BuildableReference BlueprintIdentifier="3D31C5E6B691258800000000" ReferencedContainer="container:CJLoginDemo.xcodeproj" BuildableName="lib_idx_tsi_interface_census_gpr_base_grpc_grpc_base_c_grpc_client_channel_grpc_deadline_filter_grpc_http_filters_grpc_lb_policy_grpclb_secure_grpc_lb_policy_pick_first_grpc_lb_policy__etc_904E388B_ios_min11.4.a" BlueprintName="_idx_tsi_interface_census_gpr_base_grpc_grpc_base_c_grpc_client_channel_grpc_deadline_filter_grpc_http_filters_grpc_lb_policy_grpclb_secure_grpc_lb_policy_pick_first_grpc_lb_policy__etc_904E388B_ios_min11.4" BuildableIdentifier="primary"></BuildableReference>
            </BuildActionEntry>
            <BuildActionEntry buildForArchiving="YES" buildForTesting="YES" buildForRunning="YES" buildForAnalyzing="YES" buildForProfiling="YES">
                <BuildableReference BlueprintIdentifier="3D31C5E6B691258800000000" ReferencedContainer="container:CJLoginDemo.xcodeproj" BuildableName="lib_idx_tsi_interface_census_gpr_base_grpc_grpc_base_c_grpc_client_channel_grpc_deadline_filter_grpc_http_filters_grpc_lb_policy_grpclb_secure_grpc_lb_policy_pick_first_grpc_lb_policy__etc_904E388B_ios_min11.4.a" BlueprintName="_idx_tsi_interface_census_gpr_base_grpc_grpc_base_c_grpc_client_channel_grpc_deadline_filter_grpc_http_filters_grpc_lb_policy_grpclb_secure_grpc_lb_policy_pick_first_grpc_lb_policy__etc_904E388B_ios_min11.4" BuildableIdentifier="primary"></BuildableReference>
            </BuildActionEntry>
            <BuildActionEntry buildForArchiving="YES" buildForTesting="YES" buildForRunning="YES" buildForAnalyzing="YES" buildForProfiling="YES">
                <BuildableReference BlueprintIdentifier="3D31C5E60BCCFED200000000" ReferencedContainer="container:CJLoginDemo.xcodeproj" BuildableName="lib_idx_ssl_crypto_719B7CAA_ios_min11.4.a" BlueprintName="_idx_ssl_crypto_719B7CAA_ios_min11.4" BuildableIdentifier="primary"></BuildableReference>
            </BuildActionEntry>
            <BuildActionEntry buildForArchiving="YES" buildForTesting="YES" buildForRunning="YES" buildForAnalyzing="YES" buildForProfiling="YES">
                <BuildableReference BlueprintIdentifier="3D31C5E6B691258800000000" ReferencedContainer="container:CJLoginDemo.xcodeproj" BuildableName="lib_idx_tsi_interface_census_gpr_base_grpc_grpc_base_c_grpc_client_channel_grpc_deadline_filter_grpc_http_filters_grpc_lb_policy_grpclb_secure_grpc_lb_policy_pick_first_grpc_lb_policy__etc_904E388B_ios_min11.4.a" BlueprintName="_idx_tsi_interface_census_gpr_base_grpc_grpc_base_c_grpc_client_channel_grpc_deadline_filter_grpc_http_filters_grpc_lb_policy_grpclb_secure_grpc_lb_policy_pick_first_grpc_lb_policy__etc_904E388B_ios_min11.4" BuildableIdentifier="primary"></BuildableReference>
            </BuildActionEntry>
            <BuildActionEntry buildForArchiving="YES" buildForTesting="YES" buildForRunning="YES" buildForAnalyzing="YES" buildForProfiling="YES">
                <BuildableReference BlueprintIdentifier="3D31C5E68CFC778A00000000" ReferencedContainer="container:CJLoginDemo.xcodeproj" BuildableName="lib_idx_ares_36218299_ios_min11.4.a" BlueprintName="_idx_ares_36218299_ios_min11.4" BuildableIdentifier="primary"></BuildableReference>
            </BuildActionEntry>
            <BuildActionEntry buildForArchiving="YES" buildForTesting="YES" buildForRunning="YES" buildForAnalyzing="YES" buildForProfiling="YES">
                <BuildableReference BlueprintIdentifier="3D31C5E6584AEF6800000000" ReferencedContainer="container:CJLoginDemo.xcodeproj" BuildableName="lib_idx_nanopb_Sources_cj_login_sdk_grpc++_grpc++_base_grpc++_codegen_base_src_grpc++_reflection_grpc_base_8B679C11_ios_min11.4.a" BlueprintName="_idx_nanopb_Sources_cj_login_sdk_grpc++_grpc++_base_grpc++_codegen_base_src_grpc++_reflection_grpc_base_8B679C11_ios_min11.4" BuildableIdentifier="primary"></BuildableReference>
            </BuildActionEntry>
            <BuildActionEntry buildForArchiving="YES" buildForTesting="YES" buildForRunning="YES" buildForAnalyzing="YES" buildForProfiling="YES">
                <BuildableReference BlueprintIdentifier="3D31C5E6B691258800000000" ReferencedContainer="container:CJLoginDemo.xcodeproj" BuildableName="lib_idx_tsi_interface_census_gpr_base_grpc_grpc_base_c_grpc_client_channel_grpc_deadline_filter_grpc_http_filters_grpc_lb_policy_grpclb_secure_grpc_lb_policy_pick_first_grpc_lb_policy__etc_904E388B_ios_min11.4.a" BlueprintName="_idx_tsi_interface_census_gpr_base_grpc_grpc_base_c_grpc_client_channel_grpc_deadline_filter_grpc_http_filters_grpc_lb_policy_grpclb_secure_grpc_lb_policy_pick_first_grpc_lb_policy__etc_904E388B_ios_min11.4" BuildableIdentifier="primary"></BuildableReference>
            </BuildActionEntry>
            <BuildActionEntry buildForArchiving="YES" buildForTesting="YES" buildForRunning="YES" buildForAnalyzing="YES" buildForProfiling="YES">
                <BuildableReference BlueprintIdentifier="3D31C5E6584AEF6800000000" ReferencedContainer="container:CJLoginDemo.xcodeproj" BuildableName="lib_idx_nanopb_Sources_cj_login_sdk_grpc++_grpc++_base_grpc++_codegen_base_src_grpc++_reflection_grpc_base_8B679C11_ios_min11.4.a" BlueprintName="_idx_nanopb_Sources_cj_login_sdk_grpc++_grpc++_base_grpc++_codegen_base_src_grpc++_reflection_grpc_base_8B679C11_ios_min11.4" BuildableIdentifier="primary"></BuildableReference>
            </BuildActionEntry>
            <BuildActionEntry buildForArchiving="YES" buildForTesting="YES" buildForRunning="YES" buildForAnalyzing="YES" buildForProfiling="YES">
                <BuildableReference BlueprintIdentifier="3D31C5E6B691258800000000" ReferencedContainer="container:CJLoginDemo.xcodeproj" BuildableName="lib_idx_tsi_interface_census_gpr_base_grpc_grpc_base_c_grpc_client_channel_grpc_deadline_filter_grpc_http_filters_grpc_lb_policy_grpclb_secure_grpc_lb_policy_pick_first_grpc_lb_policy__etc_904E388B_ios_min11.4.a" BlueprintName="_idx_tsi_interface_census_gpr_base_grpc_grpc_base_c_grpc_client_channel_grpc_deadline_filter_grpc_http_filters_grpc_lb_policy_grpclb_secure_grpc_lb_policy_pick_first_grpc_lb_policy__etc_904E388B_ios_min11.4" BuildableIdentifier="primary"></BuildableReference>
            </BuildActionEntry>
            <BuildActionEntry buildForArchiving="YES" buildForTesting="YES" buildForRunning="YES" buildForAnalyzing="YES" buildForProfiling="YES">
                <BuildableReference BlueprintIdentifier="3D31C5E6A0F816D600000000" ReferencedContainer="container:CJLoginDemo.xcodeproj" BuildableName="lib_idx_protoc_lib_protobuf_protobuf_lite_049EC418_ios_min11.4.a" BlueprintName="_idx_protoc_lib_protobuf_protobuf_lite_049EC418_ios_min11.4" BuildableIdentifier="primary"></BuildableReference>
            </BuildActionEntry>
            <BuildActionEntry buildForArchiving="YES" buildForTesting="YES" buildForRunning="YES" buildForAnalyzing="YES" buildForProfiling="YES">
                <BuildableReference BlueprintIdentifier="3D31C5E6B691258800000000" ReferencedContainer="container:CJLoginDemo.xcodeproj" BuildableName="lib_idx_tsi_interface_census_gpr_base_grpc_grpc_base_c_grpc_client_channel_grpc_deadline_filter_grpc_http_filters_grpc_lb_policy_grpclb_secure_grpc_lb_policy_pick_first_grpc_lb_policy__etc_904E388B_ios_min11.4.a" BlueprintName="_idx_tsi_interface_census_gpr_base_grpc_grpc_base_c_grpc_client_channel_grpc_deadline_filter_grpc_http_filters_grpc_lb_policy_grpclb_secure_grpc_lb_policy_pick_first_grpc_lb_policy__etc_904E388B_ios_min11.4" BuildableIdentifier="primary"></BuildableReference>
            </BuildActionEntry>
            <BuildActionEntry buildForArchiving="YES" buildForTesting="YES" buildForRunning="YES" buildForAnalyzing="YES" buildForProfiling="YES">
                <BuildableReference BlueprintIdentifier="3D31C5E6A0F816D600000000" ReferencedContainer="container:CJLoginDemo.xcodeproj" BuildableName="lib_idx_protoc_lib_protobuf_protobuf_lite_049EC418_ios_min11.4.a" BlueprintName="_idx_protoc_lib_protobuf_protobuf_lite_049EC418_ios_min11.4" BuildableIdentifier="primary"></BuildableReference>
            </BuildActionEntry>
            <BuildActionEntry buildForArchiving="YES" buildForTesting="YES" buildForRunning="YES" buildForAnalyzing="YES" buildForProfiling="YES">
                <BuildableReference BlueprintIdentifier="3D31C5E6B691258800000000" ReferencedContainer="container:CJLoginDemo.xcodeproj" BuildableName="lib_idx_tsi_interface_census_gpr_base_grpc_grpc_base_c_grpc_client_channel_grpc_deadline_filter_grpc_http_filters_grpc_lb_policy_grpclb_secure_grpc_lb_policy_pick_first_grpc_lb_policy__etc_904E388B_ios_min11.4.a" BlueprintName="_idx_tsi_interface_census_gpr_base_grpc_grpc_base_c_grpc_client_channel_grpc_deadline_filter_grpc_http_filters_grpc_lb_policy_grpclb_secure_grpc_lb_policy_pick_first_grpc_lb_policy__etc_904E388B_ios_min11.4" BuildableIdentifier="primary"></BuildableReference>
            </BuildActionEntry>
            <BuildActionEntry buildForArchiving="YES" buildForTesting="YES" buildForRunning="YES" buildForAnalyzing="YES" buildForProfiling="YES">
                <BuildableReference BlueprintIdentifier="3D31C5E6B691258800000000" ReferencedContainer="container:CJLoginDemo.xcodeproj" BuildableName="lib_idx_tsi_interface_census_gpr_base_grpc_grpc_base_c_grpc_client_channel_grpc_deadline_filter_grpc_http_filters_grpc_lb_policy_grpclb_secure_grpc_lb_policy_pick_first_grpc_lb_policy__etc_904E388B_ios_min11.4.a" BlueprintName="_idx_tsi_interface_census_gpr_base_grpc_grpc_base_c_grpc_client_channel_grpc_deadline_filter_grpc_http_filters_grpc_lb_policy_grpclb_secure_grpc_lb_policy_pick_first_grpc_lb_policy__etc_904E388B_ios_min11.4" BuildableIdentifier="primary"></BuildableReference>
            </BuildActionEntry>
            <BuildActionEntry buildForArchiving="YES" buildForTesting="YES" buildForRunning="YES" buildForAnalyzing="YES" buildForProfiling="YES">
                <BuildableReference BlueprintIdentifier="3D31C5E6B691258800000000" ReferencedContainer="container:CJLoginDemo.xcodeproj" BuildableName="lib_idx_tsi_interface_census_gpr_base_grpc_grpc_base_c_grpc_client_channel_grpc_deadline_filter_grpc_http_filters_grpc_lb_policy_grpclb_secure_grpc_lb_policy_pick_first_grpc_lb_policy__etc_904E388B_ios_min11.4.a" BlueprintName="_idx_tsi_interface_census_gpr_base_grpc_grpc_base_c_grpc_client_channel_grpc_deadline_filter_grpc_http_filters_grpc_lb_policy_grpclb_secure_grpc_lb_policy_pick_first_grpc_lb_policy__etc_904E388B_ios_min11.4" BuildableIdentifier="primary"></BuildableReference>
            </BuildActionEntry>
            <BuildActionEntry buildForArchiving="YES" buildForTesting="YES" buildForRunning="YES" buildForAnalyzing="YES" buildForProfiling="YES">
                <BuildableReference BlueprintIdentifier="3D31C5E6B691258800000000" ReferencedContainer="container:CJLoginDemo.xcodeproj" BuildableName="lib_idx_tsi_interface_census_gpr_base_grpc_grpc_base_c_grpc_client_channel_grpc_deadline_filter_grpc_http_filters_grpc_lb_policy_grpclb_secure_grpc_lb_policy_pick_first_grpc_lb_policy__etc_904E388B_ios_min11.4.a" BlueprintName="_idx_tsi_interface_census_gpr_base_grpc_grpc_base_c_grpc_client_channel_grpc_deadline_filter_grpc_http_filters_grpc_lb_policy_grpclb_secure_grpc_lb_policy_pick_first_grpc_lb_policy__etc_904E388B_ios_min11.4" BuildableIdentifier="primary"></BuildableReference>
            </BuildActionEntry>
            <BuildActionEntry buildForArchiving="YES" buildForTesting="YES" buildForRunning="YES" buildForAnalyzing="YES" buildForProfiling="YES">
                <BuildableReference BlueprintIdentifier="3D31C5E6B691258800000000" ReferencedContainer="container:CJLoginDemo.xcodeproj" BuildableName="lib_idx_tsi_interface_census_gpr_base_grpc_grpc_base_c_grpc_client_channel_grpc_deadline_filter_grpc_http_filters_grpc_lb_policy_grpclb_secure_grpc_lb_policy_pick_first_grpc_lb_policy__etc_904E388B_ios_min11.4.a" BlueprintName="_idx_tsi_interface_census_gpr_base_grpc_grpc_base_c_grpc_client_channel_grpc_deadline_filter_grpc_http_filters_grpc_lb_policy_grpclb_secure_grpc_lb_policy_pick_first_grpc_lb_policy__etc_904E388B_ios_min11.4" BuildableIdentifier="primary"></BuildableReference>
            </BuildActionEntry>
            <BuildActionEntry buildForArchiving="YES" buildForTesting="YES" buildForRunning="YES" buildForAnalyzing="YES" buildForProfiling="YES">
                <BuildableReference BlueprintIdentifier="3D31C5E6584AEF6800000000" ReferencedContainer="container:CJLoginDemo.xcodeproj" BuildableName="lib_idx_nanopb_Sources_cj_login_sdk_grpc++_grpc++_base_grpc++_codegen_base_src_grpc++_reflection_grpc_base_8B679C11_ios_min11.4.a" BlueprintName="_idx_nanopb_Sources_cj_login_sdk_grpc++_grpc++_base_grpc++_codegen_base_src_grpc++_reflection_grpc_base_8B679C11_ios_min11.4" BuildableIdentifier="primary"></BuildableReference>
            </BuildActionEntry>
            <BuildActionEntry buildForArchiving="YES" buildForTesting="YES" buildForRunning="YES" buildForAnalyzing="YES" buildForProfiling="YES">
                <BuildableReference BlueprintIdentifier="3D31C5E6B691258800000000" ReferencedContainer="container:CJLoginDemo.xcodeproj" BuildableName="lib_idx_tsi_interface_census_gpr_base_grpc_grpc_base_c_grpc_client_channel_grpc_deadline_filter_grpc_http_filters_grpc_lb_policy_grpclb_secure_grpc_lb_policy_pick_first_grpc_lb_policy__etc_904E388B_ios_min11.4.a" BlueprintName="_idx_tsi_interface_census_gpr_base_grpc_grpc_base_c_grpc_client_channel_grpc_deadline_filter_grpc_http_filters_grpc_lb_policy_grpclb_secure_grpc_lb_policy_pick_first_grpc_lb_policy__etc_904E388B_ios_min11.4" BuildableIdentifier="primary"></BuildableReference>
            </BuildActionEntry>
            <BuildActionEntry buildForArchiving="YES" buildForTesting="YES" buildForRunning="YES" buildForAnalyzing="YES" buildForProfiling="YES">
                <BuildableReference BlueprintIdentifier="3D31C5E6584AEF6800000000" ReferencedContainer="container:CJLoginDemo.xcodeproj" BuildableName="lib_idx_nanopb_Sources_cj_login_sdk_grpc++_grpc++_base_grpc++_codegen_base_src_grpc++_reflection_grpc_base_8B679C11_ios_min11.4.a" BlueprintName="_idx_nanopb_Sources_cj_login_sdk_grpc++_grpc++_base_grpc++_codegen_base_src_grpc++_reflection_grpc_base_8B679C11_ios_min11.4" BuildableIdentifier="primary"></BuildableReference>
            </BuildActionEntry>
            <BuildActionEntry buildForArchiving="YES" buildForTesting="YES" buildForRunning="YES" buildForAnalyzing="YES" buildForProfiling="YES">
                <BuildableReference BlueprintIdentifier="3D31C5E6584AEF6800000000" ReferencedContainer="container:CJLoginDemo.xcodeproj" BuildableName="lib_idx_nanopb_Sources_cj_login_sdk_grpc++_grpc++_base_grpc++_codegen_base_src_grpc++_reflection_grpc_base_8B679C11_ios_min11.4.a" BlueprintName="_idx_nanopb_Sources_cj_login_sdk_grpc++_grpc++_base_grpc++_codegen_base_src_grpc++_reflection_grpc_base_8B679C11_ios_min11.4" BuildableIdentifier="primary"></BuildableReference>
            </BuildActionEntry>
            <BuildActionEntry buildForArchiving="YES" buildForTesting="YES" buildForRunning="YES" buildForAnalyzing="YES" buildForProfiling="YES">
                <BuildableReference BlueprintIdentifier="3D31C5E6584AEF6800000000" ReferencedContainer="container:CJLoginDemo.xcodeproj" BuildableName="lib_idx_nanopb_Sources_cj_login_sdk_grpc++_grpc++_base_grpc++_codegen_base_src_grpc++_reflection_grpc_base_8B679C11_ios_min11.4.a" BlueprintName="_idx_nanopb_Sources_cj_login_sdk_grpc++_grpc++_base_grpc++_codegen_base_src_grpc++_reflection_grpc_base_8B679C11_ios_min11.4" BuildableIdentifier="primary"></BuildableReference>
            </BuildActionEntry>
            <BuildActionEntry buildForArchiving="YES" buildForTesting="YES" buildForRunning="YES" buildForAnalyzing="YES" buildForProfiling="YES">
                <BuildableReference BlueprintIdentifier="3D31C5E6C9F7162800000000" ReferencedContainer="container:CJLoginDemo.xcodeproj" BuildableName="lib_idx_zlib_7DB1ED8D_ios_min11.4.a" BlueprintName="_idx_zlib_7DB1ED8D_ios_min11.4" BuildableIdentifier="primary"></BuildableReference>
            </BuildActionEntry>
            <BuildActionEntry buildForArchiving="YES" buildForTesting="YES" buildForRunning="YES" buildForAnalyzing="YES" buildForProfiling="YES">
                <BuildableReference BlueprintIdentifier="3D31C5E6B691258800000000" ReferencedContainer="container:CJLoginDemo.xcodeproj" BuildableName="lib_idx_tsi_interface_census_gpr_base_grpc_grpc_base_c_grpc_client_channel_grpc_deadline_filter_grpc_http_filters_grpc_lb_policy_grpclb_secure_grpc_lb_policy_pick_first_grpc_lb_policy__etc_904E388B_ios_min11.4.a" BlueprintName="_idx_tsi_interface_census_gpr_base_grpc_grpc_base_c_grpc_client_channel_grpc_deadline_filter_grpc_http_filters_grpc_lb_policy_grpclb_secure_grpc_lb_policy_pick_first_grpc_lb_policy__etc_904E388B_ios_min11.4" BuildableIdentifier="primary"></BuildableReference>
            </BuildActionEntry>
            <BuildActionEntry buildForArchiving="YES" buildForTesting="YES" buildForRunning="YES" buildForAnalyzing="YES" buildForProfiling="YES">
                <BuildableReference BlueprintIdentifier="3D31C5E6B691258800000000" ReferencedContainer="container:CJLoginDemo.xcodeproj" BuildableName="lib_idx_tsi_interface_census_gpr_base_grpc_grpc_base_c_grpc_client_channel_grpc_deadline_filter_grpc_http_filters_grpc_lb_policy_grpclb_secure_grpc_lb_policy_pick_first_grpc_lb_policy__etc_904E388B_ios_min11.4.a" BlueprintName="_idx_tsi_interface_census_gpr_base_grpc_grpc_base_c_grpc_client_channel_grpc_deadline_filter_grpc_http_filters_grpc_lb_policy_grpclb_secure_grpc_lb_policy_pick_first_grpc_lb_policy__etc_904E388B_ios_min11.4" BuildableIdentifier="primary"></BuildableReference>
            </BuildActionEntry>
            <BuildActionEntry buildForArchiving="YES" buildForTesting="YES" buildForRunning="YES" buildForAnalyzing="YES" buildForProfiling="YES">
                <BuildableReference BlueprintIdentifier="3D31C5E6A0F816D600000000" ReferencedContainer="container:CJLoginDemo.xcodeproj" BuildableName="lib_idx_protoc_lib_protobuf_protobuf_lite_049EC418_ios_min11.4.a" BlueprintName="_idx_protoc_lib_protobuf_protobuf_lite_049EC418_ios_min11.4" BuildableIdentifier="primary"></BuildableReference>
            </BuildActionEntry>
            <BuildActionEntry buildForArchiving="YES" buildForTesting="YES" buildForRunning="YES" buildForAnalyzing="YES" buildForProfiling="YES">
                <BuildableReference BlueprintIdentifier="3D31C5E6B691258800000000" ReferencedContainer="container:CJLoginDemo.xcodeproj" BuildableName="lib_idx_tsi_interface_census_gpr_base_grpc_grpc_base_c_grpc_client_channel_grpc_deadline_filter_grpc_http_filters_grpc_lb_policy_grpclb_secure_grpc_lb_policy_pick_first_grpc_lb_policy__etc_904E388B_ios_min11.4.a" BlueprintName="_idx_tsi_interface_census_gpr_base_grpc_grpc_base_c_grpc_client_channel_grpc_deadline_filter_grpc_http_filters_grpc_lb_policy_grpclb_secure_grpc_lb_policy_pick_first_grpc_lb_policy__etc_904E388B_ios_min11.4" BuildableIdentifier="primary"></BuildableReference>
            </BuildActionEntry>
            <BuildActionEntry buildForArchiving="YES" buildForTesting="YES" buildForRunning="YES" buildForAnalyzing="YES" buildForProfiling="YES">
                <BuildableReference BlueprintIdentifier="3D31C5E6B691258800000000" ReferencedContainer="container:CJLoginDemo.xcodeproj" BuildableName="lib_idx_tsi_interface_census_gpr_base_grpc_grpc_base_c_grpc_client_channel_grpc_deadline_filter_grpc_http_filters_grpc_lb_policy_grpclb_secure_grpc_lb_policy_pick_first_grpc_lb_policy__etc_904E388B_ios_min11.4.a" BlueprintName="_idx_tsi_interface_census_gpr_base_grpc_grpc_base_c_grpc_client_channel_grpc_deadline_filter_grpc_http_filters_grpc_lb_policy_grpclb_secure_grpc_lb_policy_pick_first_grpc_lb_policy__etc_904E388B_ios_min11.4" BuildableIdentifier="primary"></BuildableReference>
            </BuildActionEntry>
            <BuildActionEntry buildForArchiving="YES" buildForTesting="YES" buildForRunning="YES" buildForAnalyzing="YES" buildForProfiling="YES">
                <BuildableReference BlueprintIdentifier="3D31C5E6B691258800000000" ReferencedContainer="container:CJLoginDemo.xcodeproj" BuildableName="lib_idx_tsi_interface_census_gpr_base_grpc_grpc_base_c_grpc_client_channel_grpc_deadline_filter_grpc_http_filters_grpc_lb_policy_grpclb_secure_grpc_lb_policy_pick_first_grpc_lb_policy__etc_904E388B_ios_min11.4.a" BlueprintName="_idx_tsi_interface_census_gpr_base_grpc_grpc_base_c_grpc_client_channel_grpc_deadline_filter_grpc_http_filters_grpc_lb_policy_grpclb_secure_grpc_lb_policy_pick_first_grpc_lb_policy__etc_904E388B_ios_min11.4" BuildableIdentifier="primary"></BuildableReference>
            </BuildActionEntry>
            <BuildActionEntry buildForArchiving="YES" buildForTesting="YES" buildForRunning="YES" buildForAnalyzing="YES" buildForProfiling="YES">
                <BuildableReference BlueprintIdentifier="3D31C5E6B691258800000000" ReferencedContainer="container:CJLoginDemo.xcodeproj" BuildableName="lib_idx_tsi_interface_census_gpr_base_grpc_grpc_base_c_grpc_client_channel_grpc_deadline_filter_grpc_http_filters_grpc_lb_policy_grpclb_secure_grpc_lb_policy_pick_first_grpc_lb_policy__etc_904E388B_ios_min11.4.a" BlueprintName="_idx_tsi_interface_census_gpr_base_grpc_grpc_base_c_grpc_client_channel_grpc_deadline_filter_grpc_http_filters_grpc_lb_policy_grpclb_secure_grpc_lb_policy_pick_first_grpc_lb_policy__etc_904E388B_ios_min11.4" BuildableIdentifier="primary"></BuildableReference>
            </BuildActionEntry>
            <BuildActionEntry buildForArchiving="YES" buildForTesting="YES" buildForRunning="YES" buildForAnalyzing="YES" buildForProfiling="YES">
                <BuildableReference BlueprintIdentifier="3D31C5E6B691258800000000" ReferencedContainer="container:CJLoginDemo.xcodeproj" BuildableName="lib_idx_tsi_interface_census_gpr_base_grpc_grpc_base_c_grpc_client_channel_grpc_deadline_filter_grpc_http_filters_grpc_lb_policy_grpclb_secure_grpc_lb_policy_pick_first_grpc_lb_policy__etc_904E388B_ios_min11.4.a" BlueprintName="_idx_tsi_interface_census_gpr_base_grpc_grpc_base_c_grpc_client_channel_grpc_deadline_filter_grpc_http_filters_grpc_lb_policy_grpclb_secure_grpc_lb_policy_pick_first_grpc_lb_policy__etc_904E388B_ios_min11.4" BuildableIdentifier="primary"></BuildableReference>
            </BuildActionEntry>
            <BuildActionEntry buildForArchiving="YES" buildForTesting="YES" buildForRunning="YES" buildForAnalyzing="YES" buildForProfiling="YES">
                <BuildableReference BlueprintIdentifier="3D31C5E6B691258800000000" ReferencedContainer="container:CJLoginDemo.xcodeproj" BuildableName="lib_idx_tsi_interface_census_gpr_base_grpc_grpc_base_c_grpc_client_channel_grpc_deadline_filter_grpc_http_filters_grpc_lb_policy_grpclb_secure_grpc_lb_policy_pick_first_grpc_lb_policy__etc_904E388B_ios_min11.4.a" BlueprintName="_idx_tsi_interface_census_gpr_base_grpc_grpc_base_c_grpc_client_channel_grpc_deadline_filter_grpc_http_filters_grpc_lb_policy_grpclb_secure_grpc_lb_policy_pick_first_grpc_lb_policy__etc_904E388B_ios_min11.4" BuildableIdentifier="primary"></BuildableReference>
            </BuildActionEntry>
            <BuildActionEntry buildForArchiving="YES" buildForTesting="YES" buildForRunning="YES" buildForAnalyzing="YES" buildForProfiling="YES">
                <BuildableReference BlueprintIdentifier="3D31C5E60BCCFED200000000" ReferencedContainer="container:CJLoginDemo.xcodeproj" BuildableName="lib_idx_ssl_crypto_719B7CAA_ios_min11.4.a" BlueprintName="_idx_ssl_crypto_719B7CAA_ios_min11.4" BuildableIdentifier="primary"></BuildableReference>
            </BuildActionEntry>
            <BuildActionEntry buildForArchiving="YES" buildForTesting="YES" buildForRunning="YES" buildForAnalyzing="YES" buildForProfiling="YES">
                <BuildableReference BlueprintIdentifier="3D31C5E6B691258800000000" ReferencedContainer="container:CJLoginDemo.xcodeproj" BuildableName="lib_idx_tsi_interface_census_gpr_base_grpc_grpc_base_c_grpc_client_channel_grpc_deadline_filter_grpc_http_filters_grpc_lb_policy_grpclb_secure_grpc_lb_policy_pick_first_grpc_lb_policy__etc_904E388B_ios_min11.4.a" BlueprintName="_idx_tsi_interface_census_gpr_base_grpc_grpc_base_c_grpc_client_channel_grpc_deadline_filter_grpc_http_filters_grpc_lb_policy_grpclb_secure_grpc_lb_policy_pick_first_grpc_lb_policy__etc_904E388B_ios_min11.4" BuildableIdentifier="primary"></BuildableReference>
            </BuildActionEntry>
        </BuildActionEntries>
    </BuildAction>
    <TestAction selectedDebuggerIdentifier="Xcode.DebuggerFoundation.Debugger.LLDB" selectedLauncherIdentifier="Xcode.DebuggerFoundation.Launcher.LLDB" shouldUseLaunchSchemeArgsEnv="YES" buildConfiguration="Debug">
        <Testables></Testables>
    </TestAction>
    <LaunchAction selectedDebuggerIdentifier="Xcode.DebuggerFoundation.Debugger.LLDB" selectedLauncherIdentifier="Xcode.DebuggerFoundation.Launcher.LLDB" launchStyle="0" buildConfiguration="Debug" debugServiceExtension="internal" ignoresPersistentStateOnLaunch="NO" useCustomWorkingDirectory="NO" allowLocationSimulation="YES" debugDocumentVersioning="YES">
        <EnvironmentVariables></EnvironmentVariables>
    </LaunchAction>
    <ProfileAction useCustomWorkingDirectory="NO" shouldUseLaunchSchemeArgsEnv="YES" buildConfiguration="Release" debugDocumentVersioning="YES"></ProfileAction>
    <AnalyzeAction buildConfiguration="Debug"></AnalyzeAction>
    <ArchiveAction buildConfiguration="Release" revealArchiveInOrganizer="YES"></ArchiveAction>
</Scheme>